
Microsoft Visual Studio Solution File, Format Version 12.00
# Visual Studio Version 17
VisualStudioVersion = 17.7.34202.233
MinimumVisualStudioVersion = 10.0.40219.1
Project("{FAE04EC0-301F-11D3-BF4B-00C04F79EFBC}") = "TimeTestProject", "TimeTestProject\TimeTestProject.csproj", "{A7F857BF-FE55-4392-AB71-F169A8706878}"
EndProject
Project("{FAE04EC0-301F-11D3-BF4B-00C04F79EFBC}") = "TimeProjectUnitTest", "TimeProjectUnitTest\TimeProjectUnitTest.csproj", "{31239044-41F1-4D65-B1B6-8A4B089F6161}"
EndProject
Global
	GlobalSection(SolutionConfigurationPlatforms) = preSolution
		Debug|Any CPU = Debug|Any CPU
		Release|Any CPU = Release|Any CPU
	EndGlobalSection
	GlobalSection(ProjectConfigurationPlatforms) = postSolution
		{A7F857BF-FE55-4392-AB71-F169A8706878}.Debug|Any CPU.ActiveCfg = Debug|Any CPU
		{A7F857BF-FE55-4392-AB71-F169A8706878}.Debug|Any CPU.Build.0 = Debug|Any CPU
		{A7F857BF-FE55-4392-AB71-F169A8706878}.Release|Any CPU.ActiveCfg = Release|Any CPU
		{A7F857BF-FE55-4392-AB71-F169A8706878}.Release|Any CPU.Build.0 = Release|Any CPU
		{31239044-41F1-4D65-B1B6-8A4B089F6161}.Debug|Any CPU.ActiveCfg = Debug|Any CPU
		{31239044-41F1-4D65-B1B6-8A4B089F6161}.Debug|Any CPU.Build.0 = Debug|Any CPU
		{31239044-41F1-4D65-B1B6-8A4B089F6161}.Release|Any CPU.ActiveCfg = Release|Any CPU
		{31239044-41F1-4D65-B1B6-8A4B089F6161}.Release|Any CPU.Build.0 = Release|Any CPU
	EndGlobalSection
	GlobalSection(SolutionProperties) = preSolution
		HideSolutionNode = FALSE
	EndGlobalSection
	GlobalSection(ExtensibilityGlobals) = postSolution
		SolutionGuid = {EBC0612A-A53D-40F2-B746-FA2B58606802}
	EndGlobalSection
EndGlobal
